
Microsoft Visual Studio Solution File, Format Version 12.00
# Visual Studio Version 16
VisualStudioVersion = 16.0.30225.117
MinimumVisualStudioVersion = 10.0.40219.1
Project("{FAE04EC0-301F-11D3-BF4B-00C04F79EFBC}") = "CalculWPFMVVM", "CalculWPFMVVM\CalculWPFMVVM.csproj", "{5577596D-7DF2-48A6-BB97-4F12F7E6B947}"
EndProject
Project("{FAE04EC0-301F-11D3-BF4B-00C04F79EFBC}") = "CalculWPFMVVM.Test", "CalculWPFMVVM.Test\CalculWPFMVVM.Test.csproj", "{87B50644-9D9E-476A-8563-E74C255AD560}"
EndProject
Global
	GlobalSection(SolutionConfigurationPlatforms) = preSolution
		Debug|Any CPU = Debug|Any CPU
		Release|Any CPU = Release|Any CPU
	EndGlobalSection
	GlobalSection(ProjectConfigurationPlatforms) = postSolution
		{5577596D-7DF2-48A6-BB97-4F12F7E6B947}.Debug|Any CPU.ActiveCfg = Debug|Any CPU
		{5577596D-7DF2-48A6-BB97-4F12F7E6B947}.Debug|Any CPU.Build.0 = Debug|Any CPU
		{5577596D-7DF2-48A6-BB97-4F12F7E6B947}.Release|Any CPU.ActiveCfg = Release|Any CPU
		{5577596D-7DF2-48A6-BB97-4F12F7E6B947}.Release|Any CPU.Build.0 = Release|Any CPU
		{87B50644-9D9E-476A-8563-E74C255AD560}.Debug|Any CPU.ActiveCfg = Debug|Any CPU
		{87B50644-9D9E-476A-8563-E74C255AD560}.Debug|Any CPU.Build.0 = Debug|Any CPU
		{87B50644-9D9E-476A-8563-E74C255AD560}.Release|Any CPU.ActiveCfg = Release|Any CPU
		{87B50644-9D9E-476A-8563-E74C255AD560}.Release|Any CPU.Build.0 = Release|Any CPU
	EndGlobalSection
	GlobalSection(SolutionProperties) = preSolution
		HideSolutionNode = FALSE
	EndGlobalSection
	GlobalSection(ExtensibilityGlobals) = postSolution
		SolutionGuid = {1B48D54D-C6D6-4B4B-B32A-88C6F03E508A}
	EndGlobalSection
EndGlobal
